# This file was autogenerated by Stack.
# You should not edit this file by hand.
# For more information, please see the documentation at:
#   https://docs.haskellstack.org/en/stable/lock_files

packages:
- completed:
    hackage: ansi-terminal-0.10.3@sha256:e2fbcef5f980dc234c7ad8e2fa433b0e8109132c9e643bc40ea5608cd5697797,3226
    pantry-tree:
      size: 1461
      sha256: 02f05d52be3ffcf36c78876629cbab80b63420672685371aea4fd10e1c4aabb6
  original:
    hackage: ansi-terminal-0.10.3
- completed:
    hackage: co-log-0.4.0.1@sha256:3d4c17f37693c80d1aa2c41669bc3438fac3e89dc5f479e57d79bc3ddc4dfcc5,5087
    pantry-tree:
      size: 1126
      sha256: e73165ff8f744709428e2e87984c9d60ca1cec43d8455c413181c7c466e7497c
  original:
    hackage: co-log-0.4.0.1
- completed:
    hackage: conferer-yaml-1.1.0.0@sha256:2e3fa4f8700f2d584e32dc588eceb946f29af296eb9e506d34eaef882e178253,2038
    pantry-tree:
      size: 376
      sha256: cd3b0ac8a4c3067e7e4b528e80446fe9667332ee349bd97690ba059a14402bf7
  original:
    hackage: conferer-yaml-1.1.0.0
- completed:
    hackage: hasql-migration-0.3.0@sha256:6ca4cc6c89834bb79eb9f15b504774043b5b3994336bd86a9d79e59da6d54963,2799
    pantry-tree:
      size: 589
      sha256: 55e3dfca36ffe0d11e1c42bce446e3cc1d5b9a4983e196ec99c650c8b4268845
  original:
    hackage: hasql-migration-0.3.0
- completed:
    hackage: opaleye-0.8.0.1@sha256:2c518a4fe8672600ea9c8b6fadbfbb708c8fef286f3bc8bc1cc530fc344c25b4,5801
    pantry-tree:
      size: 5662
      sha256: 23a1314294103065989ebaa7717af2aa3f1595c7fff23c8eea7c1836ddce5a04
  original:
    hackage: opaleye-0.8.0.1
- completed:
    hackage: rel8-1.2.1.0@sha256:d7c22b8991e8f2e2647e73b154f72943f42c4e2c804a1af9fff31693de2d5958,5045
    pantry-tree:
      size: 9027
      sha256: eb710f38cf571a7c965e2cde9e233b844b14f786d3cb191e2b77ff5c3c0ecf85
  original:
    hackage: rel8-1.2.1.0
snapshots:
- completed:
    size: 586103
    url: https://raw.githubusercontent.com/commercialhaskell/stackage-snapshots/master/lts/18/19.yaml
    sha256: 32716534fff554b7f90762130fdb985cabf29f157758934dd1c8f3892a646430
  original: lts-18.19
